// !$*UTF8*$!
{
	archiveVersion = 1;
	classes = {
	};
	objectVersion = 51;
	objects = {

/* Begin PBXBuildFile section */
		6F3C8FEDE589701D3AE467BB /* Pods_Chat.framework in Frameworks */ = {isa = PBXBuildFile; fileRef = DEEE5AAAD82B655919FE1CB3 /* Pods_Chat.framework */; };
		CE7C91102643A9230083673C /* ChatViewController.swift in Sources */ = {isa = PBXBuildFile; fileRef = CE7C910F2643A9230083673C /* ChatViewController.swift */; };
		CEE1E0F52643246700A48CBA /* AppDelegate.swift in Sources */ = {isa = PBXBuildFile; fileRef = CEE1E0F42643246700A48CBA /* AppDelegate.swift */; };
		CEE1E0F72643246700A48CBA /* SceneDelegate.swift in Sources */ = {isa = PBXBuildFile; fileRef = CEE1E0F62643246700A48CBA /* SceneDelegate.swift */; };
		CEE1E0F92643246700A48CBA /* HomeViewController.swift in Sources */ = {isa = PBXBuildFile; fileRef = CEE1E0F82643246700A48CBA /* HomeViewController.swift */; };
		CEE1E0FC2643246700A48CBA /* Main.storyboard in Resources */ = {isa = PBXBuildFile; fileRef = CEE1E0FA2643246700A48CBA /* Main.storyboard */; };
		CEE1E0FE2643246A00A48CBA /* Assets.xcassets in Resources */ = {isa = PBXBuildFile; fileRef = CEE1E0FD2643246A00A48CBA /* Assets.xcassets */; };
		CEE1E1012643246A00A48CBA /* LaunchScreen.storyboard in Resources */ = {isa = PBXBuildFile; fileRef = CEE1E0FF2643246A00A48CBA /* LaunchScreen.storyboard */; };
		CEE1E1282643329D00A48CBA /* LoginViewController.swift in Sources */ = {isa = PBXBuildFile; fileRef = CEE1E1272643329D00A48CBA /* LoginViewController.swift */; };
		CEE1E12B264332BC00A48CBA /* RegistrationViewController.swift in Sources */ = {isa = PBXBuildFile; fileRef = CEE1E12A264332BC00A48CBA /* RegistrationViewController.swift */; };
		CEE1E12E2643399600A48CBA /* GoogleService-Info.plist in Resources */ = {isa = PBXBuildFile; fileRef = CEE1E12D2643399600A48CBA /* GoogleService-Info.plist */; };
/* End PBXBuildFile section */

/* Begin PBXFileReference section */
		05936CD519CB314AA65841BB /* Pods-Chat.release.xcconfig */ = {isa = PBXFileReference; includeInIndex = 1; lastKnownFileType = text.xcconfig; name = "Pods-Chat.release.xcconfig"; path = "Target Support Files/Pods-Chat/Pods-Chat.release.xcconfig"; sourceTree = "<group>"; };
		41C873E352DC4C673E601A47 /* Pods-Chat.debug.xcconfig */ = {isa = PBXFileReference; includeInIndex = 1; lastKnownFileType = text.xcconfig; name = "Pods-Chat.debug.xcconfig"; path = "Target Support Files/Pods-Chat/Pods-Chat.debug.xcconfig"; sourceTree = "<group>"; };
		CE7C910F2643A9230083673C /* ChatViewController.swift */ = {isa = PBXFileReference; lastKnownFileType = sourcecode.swift; path = ChatViewController.swift; sourceTree = "<group>"; };
		CEE1E0F12643246700A48CBA /* Chat.app */ = {isa = PBXFileReference; explicitFileType = wrapper.application; includeInIndex = 0; path = Chat.app; sourceTree = BUILT_PRODUCTS_DIR; };
		CEE1E0F42643246700A48CBA /* AppDelegate.swift */ = {isa = PBXFileReference; lastKnownFileType = sourcecode.swift; path = AppDelegate.swift; sourceTree = "<group>"; };
		CEE1E0F62643246700A48CBA /* SceneDelegate.swift */ = {isa = PBXFileReference; lastKnownFileType = sourcecode.swift; path = SceneDelegate.swift; sourceTree = "<group>"; };
		CEE1E0F82643246700A48CBA /* HomeViewController.swift */ = {isa = PBXFileReference; lastKnownFileType = sourcecode.swift; path = HomeViewController.swift; sourceTree = "<group>"; };
		CEE1E0FB2643246700A48CBA /* Base */ = {isa = PBXFileReference; lastKnownFileType = file.storyboard; name = Base; path = Base.lproj/Main.storyboard; sourceTree = "<group>"; };
		CEE1E0FD2643246A00A48CBA /* Assets.xcassets */ = {isa = PBXFileReference; lastKnownFileType = folder.assetcatalog; path = Assets.xcassets; sourceTree = "<group>"; };
		CEE1E1002643246A00A48CBA /* Base */ = {isa = PBXFileReference; lastKnownFileType = file.storyboard; name = Base; path = Base.lproj/LaunchScreen.storyboard; sourceTree = "<group>"; };
		CEE1E1022643246A00A48CBA /* Info.plist */ = {isa = PBXFileReference; lastKnownFileType = text.plist.xml; path = Info.plist; sourceTree = "<group>"; };
		CEE1E1272643329D00A48CBA /* LoginViewController.swift */ = {isa = PBXFileReference; lastKnownFileType = sourcecode.swift; path = LoginViewController.swift; sourceTree = "<group>"; };
		CEE1E12A264332BC00A48CBA /* RegistrationViewController.swift */ = {isa = PBXFileReference; lastKnownFileType = sourcecode.swift; path = RegistrationViewController.swift; sourceTree = "<group>"; };
		CEE1E12D2643399600A48CBA /* GoogleService-Info.plist */ = {isa = PBXFileReference; fileEncoding = 4; lastKnownFileType = text.plist.xml; path = "GoogleService-Info.plist"; sourceTree = "<group>"; };
		DEEE5AAAD82B655919FE1CB3 /* Pods_Chat.framework */ = {isa = PBXFileReference; explicitFileType = wrapper.framework; includeInIndex = 0; path = Pods_Chat.framework; sourceTree = BUILT_PRODUCTS_DIR; };
/* End PBXFileReference section */

/* Begin PBXFrameworksBuildPhase section */
		CEE1E0EE2643246700A48CBA /* Frameworks */ = {
			isa = PBXFrameworksBuildPhase;
			buildActionMask = 2147483647;
			files = (
				6F3C8FEDE589701D3AE467BB /* Pods_Chat.framework in Frameworks */,
			);
			runOnlyForDeploymentPostprocessing = 0;
		};
/* End PBXFrameworksBuildPhase section */

/* Begin PBXGroup section */
		1BBFF353B838D97A1939D450 /* Pods */ = {
			isa = PBXGroup;
			children = (
				41C873E352DC4C673E601A47 /* Pods-Chat.debug.xcconfig */,
				05936CD519CB314AA65841BB /* Pods-Chat.release.xcconfig */,
			);
			path = Pods;
			sourceTree = "<group>";
		};
		5EA21D4D2732A37B7F3287D3 /* Frameworks */ = {
			isa = PBXGroup;
			children = (
				DEEE5AAAD82B655919FE1CB3 /* Pods_Chat.framework */,
			);
			name = Frameworks;
			sourceTree = "<group>";
		};
		CEE1E0E82643246700A48CBA = {
			isa = PBXGroup;
			children = (
				CEE1E0F32643246700A48CBA /* Chat */,
				CEE1E0F22643246700A48CBA /* Products */,
				1BBFF353B838D97A1939D450 /* Pods */,
				5EA21D4D2732A37B7F3287D3 /* Frameworks */,
			);
			sourceTree = "<group>";
		};
		CEE1E0F22643246700A48CBA /* Products */ = {
			isa = PBXGroup;
			children = (
				CEE1E0F12643246700A48CBA /* Chat.app */,
			);
			name = Products;
			sourceTree = "<group>";
		};
		CEE1E0F32643246700A48CBA /* Chat */ = {
			isa = PBXGroup;
			children = (
				CEE1E1092643249F00A48CBA /* Controller */,
				CEE1E10B264324EE00A48CBA /* View */,
				CEE1E10C2643250700A48CBA /* Model */,
				CEE1E10D2643250E00A48CBA /* Extra */,
				CEE1E1022643246A00A48CBA /* Info.plist */,
				CEE1E12D2643399600A48CBA /* GoogleService-Info.plist */,
			);
			path = Chat;
			sourceTree = "<group>";
		};
		CEE1E1092643249F00A48CBA /* Controller */ = {
			isa = PBXGroup;
			children = (
				CEE1E0F82643246700A48CBA /* HomeViewController.swift */,
				CEE1E1272643329D00A48CBA /* LoginViewController.swift */,
				CEE1E12A264332BC00A48CBA /* RegistrationViewController.swift */,
				CE7C910F2643A9230083673C /* ChatViewController.swift */,
			);
			path = Controller;
			sourceTree = "<group>";
		};
		CEE1E10B264324EE00A48CBA /* View */ = {
			isa = PBXGroup;
			children = (
				CEE1E0FA2643246700A48CBA /* Main.storyboard */,
			);
			path = View;
			sourceTree = "<group>";
		};
		CEE1E10C2643250700A48CBA /* Model */ = {
			isa = PBXGroup;
			children = (
			);
			path = Model;
			sourceTree = "<group>";
		};
		CEE1E10D2643250E00A48CBA /* Extra */ = {
			isa = PBXGroup;
			children = (
				CEE1E0F42643246700A48CBA /* AppDelegate.swift */,
				CEE1E0F62643246700A48CBA /* SceneDelegate.swift */,
				CEE1E0FD2643246A00A48CBA /* Assets.xcassets */,
				CEE1E0FF2643246A00A48CBA /* LaunchScreen.storyboard */,
			);
			path = Extra;
			sourceTree = "<group>";
		};
/* End PBXGroup section */

/* Begin PBXNativeTarget section */
		CEE1E0F02643246700A48CBA /* Chat */ = {
			isa = PBXNativeTarget;
			buildConfigurationList = CEE1E1052643246A00A48CBA /* Build configuration list for PBXNativeTarget "Chat" */;
			buildPhases = (
				716E91A88595089CB05036AC /* [CP] Check Pods Manifest.lock */,
				CEE1E0ED2643246700A48CBA /* Sources */,
				CEE1E0EE2643246700A48CBA /* Frameworks */,
				CEE1E0EF2643246700A48CBA /* Resources */,
				01AFFEEBAEBA6E0BC3169C2E /* [CP] Embed Pods Frameworks */,
			);
			buildRules = (
			);
			dependencies = (
			);
			name = Chat;
			productName = Chat;
			productReference = CEE1E0F12643246700A48CBA /* Chat.app */;
			productType = "com.apple.product-type.application";
		};
/* End PBXNativeTarget section */

/* Begin PBXProject section */
		CEE1E0E92643246700A48CBA /* Project object */ = {
			isa = PBXProject;
			attributes = {
				LastSwiftUpdateCheck = 1240;
				LastUpgradeCheck = 1240;
				TargetAttributes = {
					CEE1E0F02643246700A48CBA = {
						CreatedOnToolsVersion = 12.4;
					};
				};
			};
			buildConfigurationList = CEE1E0EC2643246700A48CBA /* Build configuration list for PBXProject "Chat" */;
			compatibilityVersion = "Xcode 9.3";
			developmentRegion = en;
			hasScannedForEncodings = 0;
			knownRegions = (
				en,
				Base,
			);
			mainGroup = CEE1E0E82643246700A48CBA;
			productRefGroup = CEE1E0F22643246700A48CBA /* Products */;
			projectDirPath = "";
			projectRoot = "";
			targets = (
				CEE1E0F02643246700A48CBA /* Chat */,
			);
		};
/* End PBXProject section */

/* Begin PBXResourcesBuildPhase section */
		CEE1E0EF2643246700A48CBA /* Resources */ = {
			isa = PBXResourcesBuildPhase;
			buildActionMask = 2147483647;
			files = (
				CEE1E1012643246A00A48CBA /* LaunchScreen.storyboard in Resources */,
				CEE1E12E2643399600A48CBA /* GoogleService-Info.plist in Resources */,
				CEE1E0FE2643246A00A48CBA /* Assets.xcassets in Resources */,
				CEE1E0FC2643246700A48CBA /* Main.storyboard in Resources */,
			);
			runOnlyForDeploymentPostprocessing = 0;
		};
/* End PBXResourcesBuildPhase section */

/* Begin PBXShellScriptBuildPhase section */
		01AFFEEBAEBA6E0BC3169C2E /* [CP] Embed Pods Frameworks */ = {
			isa = PBXShellScriptBuildPhase;
			buildActionMask = 2147483647;
			files = (
			);
			inputFileListPaths = (
				"${PODS_ROOT}/Target Support Files/Pods-Chat/Pods-Chat-frameworks-${CONFIGURATION}-input-files.xcfilelist",
			);
			name = "[CP] Embed Pods Frameworks";
			outputFileListPaths = (
				"${PODS_ROOT}/Target Support Files/Pods-Chat/Pods-Chat-frameworks-${CONFIGURATION}-output-files.xcfilelist",
			);
			runOnlyForDeploymentPostprocessing = 0;
			shellPath = /bin/sh;
			shellScript = "\"${PODS_ROOT}/Target Support Files/Pods-Chat/Pods-Chat-frameworks.sh\"\n";
			showEnvVarsInLog = 0;
		};
		716E91A88595089CB05036AC /* [CP] Check Pods Manifest.lock */ = {
			isa = PBXShellScriptBuildPhase;
			buildActionMask = 2147483647;
			files = (
			);
			inputFileListPaths = (
			);
			inputPaths = (
				"${PODS_PODFILE_DIR_PATH}/Podfile.lock",
				"${PODS_ROOT}/Manifest.lock",
			);
			name = "[CP] Check Pods Manifest.lock";
			outputFileListPaths = (
			);
			outputPaths = (
				"$(DERIVED_FILE_DIR)/Pods-Chat-checkManifestLockResult.txt",
			);
			runOnlyForDeploymentPostprocessing = 0;
			shellPath = /bin/sh;
			shellScript = "diff \"${PODS_PODFILE_DIR_PATH}/Podfile.lock\" \"${PODS_ROOT}/Manifest.lock\" > /dev/null\nif [ $? != 0 ] ; then\n    # print error to STDERR\n    echo \"error: The sandbox is not in sync with the Podfile.lock. Run 'pod install' or update your CocoaPods installation.\" >&2\n    exit 1\nfi\n# This output is used by Xcode 'outputs' to avoid re-running this script phase.\necho \"SUCCESS\" > \"${SCRIPT_OUTPUT_FILE_0}\"\n";
			showEnvVarsInLog = 0;
		};
/* End PBXShellScriptBuildPhase section */

/* Begin PBXSourcesBuildPhase section */
		CEE1E0ED2643246700A48CBA /* Sources */ = {
			isa = PBXSourcesBuildPhase;
			buildActionMask = 2147483647;
			files = (
				CEE1E1282643329D00A48CBA /* LoginViewController.swift in Sources */,
				CEE1E0F92643246700A48CBA /* HomeViewController.swift in Sources */,
				CEE1E0F52643246700A48CBA /* AppDelegate.swift in Sources */,
				CEE1E0F72643246700A48CBA /* SceneDelegate.swift in Sources */,
				CE7C91102643A9230083673C /* ChatViewController.swift in Sources */,
				CEE1E12B264332BC00A48CBA /* RegistrationViewController.swift in Sources */,
			);
			runOnlyForDeploymentPostprocessing = 0;
		};
/* End PBXSourcesBuildPhase section */

/* Begin PBXVariantGroup section */
		CEE1E0FA2643246700A48CBA /* Main.storyboard */ = {
			isa = PBXVariantGroup;
			children = (
				CEE1E0FB2643246700A48CBA /* Base */,
			);
			name = Main.storyboard;
			sourceTree = "<group>";
		};
		CEE1E0FF2643246A00A48CBA /* LaunchScreen.storyboard */ = {
			isa = PBXVariantGroup;
			children = (
				CEE1E1002643246A00A48CBA /* Base */,
			);
			name = LaunchScreen.storyboard;
			sourceTree = "<group>";
		};
/* End PBXVariantGroup section */

/* Begin XCBuildConfiguration section */
		CEE1E1032643246A00A48CBA /* Debug */ = {
			isa = XCBuildConfiguration;
			buildSettings = {
				ALWAYS_SEARCH_USER_PATHS = NO;
				CLANG_ANALYZER_NONNULL = YES;
				CLANG_ANALYZER_NUMBER_OBJECT_CONVERSION = YES_AGGRESSIVE;
				CLANG_CXX_LANGUAGE_STANDARD = "gnu++14";
				CLANG_CXX_LIBRARY = "libc++";
				CLANG_ENABLE_MODULES = YES;
				CLANG_ENABLE_OBJC_ARC = YES;
				CLANG_ENABLE_OBJC_WEAK = YES;
				CLANG_WARN_BLOCK_CAPTURE_AUTORELEASING = YES;
				CLANG_WARN_BOOL_CONVERSION = YES;
				CLANG_WARN_COMMA = YES;
				CLANG_WARN_CONSTANT_CONVERSION = YES;
				CLANG_WARN_DEPRECATED_OBJC_IMPLEMENTATIONS = YES;
				CLANG_WARN_DIRECT_OBJC_ISA_USAGE = YES_ERROR;
				CLANG_WARN_DOCUMENTATION_COMMENTS = YES;
				CLANG_WARN_EMPTY_BODY = YES;
				CLANG_WARN_ENUM_CONVERSION = YES;
				CLANG_WARN_INFINITE_RECURSION = YES;
				CLANG_WARN_INT_CONVERSION = YES;
				CLANG_WARN_NON_LITERAL_NULL_CONVERSION = YES;
				CLANG_WARN_OBJC_IMPLICIT_RETAIN_SELF = YES;
				CLANG_WARN_OBJC_LITERAL_CONVERSION = YES;
				CLANG_WARN_OBJC_ROOT_CLASS = YES_ERROR;
				CLANG_WARN_QUOTED_INCLUDE_IN_FRAMEWORK_HEADER = YES;
				CLANG_WARN_RANGE_LOOP_ANALYSIS = YES;
				CLANG_WARN_STRICT_PROTOTYPES = YES;
				CLANG_WARN_SUSPICIOUS_MOVE = YES;
				CLANG_WARN_UNGUARDED_AVAILABILITY = YES_AGGRESSIVE;
				CLANG_WARN_UNREACHABLE_CODE = YES;
				CLANG_WARN__DUPLICATE_METHOD_MATCH = YES;
				COPY_PHASE_STRIP = NO;
				DEBUG_INFORMATION_FORMAT = dwarf;
				ENABLE_STRICT_OBJC_MSGSEND = YES;
				ENABLE_TESTABILITY = YES;
				GCC_C_LANGUAGE_STANDARD = gnu11;
				GCC_DYNAMIC_NO_PIC = NO;
				GCC_NO_COMMON_BLOCKS = YES;
				GCC_OPTIMIZATION_LEVEL = 0;
				GCC_PREPROCESSOR_DEFINITIONS = (
					"DEBUG=1",
					"$(inherited)",
				);
				GCC_WARN_64_TO_32_BIT_CONVERSION = YES;
				GCC_WARN_ABOUT_RETURN_TYPE = YES_ERROR;
				GCC_WARN_UNDECLARED_SELECTOR = YES;
				GCC_WARN_UNINITIALIZED_AUTOS = YES_AGGRESSIVE;
				GCC_WARN_UNUSED_FUNCTION = YES;
				GCC_WARN_UNUSED_VARIABLE = YES;
				IPHONEOS_DEPLOYMENT_TARGET = 14.4;
				MTL_ENABLE_DEBUG_INFO = INCLUDE_SOURCE;
				MTL_FAST_MATH = YES;
				ONLY_ACTIVE_ARCH = YES;
				SDKROOT = iphoneos;
				SWIFT_ACTIVE_COMPILATION_CONDITIONS = DEBUG;
				SWIFT_OPTIMIZATION_LEVEL = "-Onone";
			};
			name = Debug;
		};
		CEE1E1042643246A00A48CBA /* Release */ = {
			isa = XCBuildConfiguration;
			buildSettings = {
				ALWAYS_SEARCH_USER_PATHS = NO;
				CLANG_ANALYZER_NONNULL = YES;
				CLANG_ANALYZER_NUMBER_OBJECT_CONVERSION = YES_AGGRESSIVE;
				CLANG_CXX_LANGUAGE_STANDARD = "gnu++14";
				CLANG_CXX_LIBRARY = "libc++";
				CLANG_ENABLE_MODULES = YES;
				CLANG_ENABLE_OBJC_ARC = YES;
				CLANG_ENABLE_OBJC_WEAK = YES;
				CLANG_WARN_BLOCK_CAPTURE_AUTORELEASING = YES;
				CLANG_WARN_BOOL_CONVERSION = YES;
				CLANG_WARN_COMMA = YES;
				CLANG_WARN_CONSTANT_CONVERSION = YES;
				CLANG_WARN_DEPRECATED_OBJC_IMPLEMENTATIONS = YES;
				CLANG_WARN_DIRECT_OBJC_ISA_USAGE = YES_ERROR;
				CLANG_WARN_DOCUMENTATION_COMMENTS = YES;
				CLANG_WARN_EMPTY_BODY = YES;
				CLANG_WARN_ENUM_CONVERSION = YES;
				CLANG_WARN_INFINITE_RECURSION = YES;
				CLANG_WARN_INT_CONVERSION = YES;
				CLANG_WARN_NON_LITERAL_NULL_CONVERSION = YES;
				CLANG_WARN_OBJC_IMPLICIT_RETAIN_SELF = YES;
				CLANG_WARN_OBJC_LITERAL_CONVERSION = YES;
				CLANG_WARN_OBJC_ROOT_CLASS = YES_ERROR;
				CLANG_WARN_QUOTED_INCLUDE_IN_FRAMEWORK_HEADER = YES;
				CLANG_WARN_RANGE_LOOP_ANALYSIS = YES;
				CLANG_WARN_STRICT_PROTOTYPES = YES;
				CLANG_WARN_SUSPICIOUS_MOVE = YES;
				CLANG_WARN_UNGUARDED_AVAILABILITY = YES_AGGRESSIVE;
				CLANG_WARN_UNREACHABLE_CODE = YES;
				CLANG_WARN__DUPLICATE_METHOD_MATCH = YES;
				COPY_PHASE_STRIP = NO;
				DEBUG_INFORMATION_FORMAT = "dwarf-with-dsym";
				ENABLE_NS_ASSERTIONS = NO;
				ENABLE_STRICT_OBJC_MSGSEND = YES;
				GCC_C_LANGUAGE_STANDARD = gnu11;
				GCC_NO_COMMON_BLOCKS = YES;
				GCC_WARN_64_TO_32_BIT_CONVERSION = YES;
				GCC_WARN_ABOUT_RETURN_TYPE = YES_ERROR;
				GCC_WARN_UNDECLARED_SELECTOR = YES;
				GCC_WARN_UNINITIALIZED_AUTOS = YES_AGGRESSIVE;
				GCC_WARN_UNUSED_FUNCTION = YES;
				GCC_WARN_UNUSED_VARIABLE = YES;
				IPHONEOS_DEPLOYMENT_TARGET = 14.4;
				MTL_ENABLE_DEBUG_INFO = NO;
				MTL_FAST_MATH = YES;
				SDKROOT = iphoneos;
				SWIFT_COMPILATION_MODE = wholemodule;
				SWIFT_OPTIMIZATION_LEVEL = "-O";
				VALIDATE_PRODUCT = YES;
			};
			name = Release;
		};
		CEE1E1062643246A00A48CBA /* Debug */ = {
			isa = XCBuildConfiguration;
			baseConfigurationReference = 41C873E352DC4C673E601A47 /* Pods-Chat.debug.xcconfig */;
			buildSettings = {
				ASSETCATALOG_COMPILER_APPICON_NAME = AppIcon;
				ASSETCATALOG_COMPILER_GLOBAL_ACCENT_COLOR_NAME = AccentColor;
				CODE_SIGN_STYLE = Automatic;
				INFOPLIST_FILE = Chat/Info.plist;
				LD_RUNPATH_SEARCH_PATHS = (
					"$(inherited)",
					"@executable_path/Frameworks",
				);
				PRODUCT_BUNDLE_IDENTIFIER = com.appsite.Chat;
				PRODUCT_NAME = "$(TARGET_NAME)";
				SWIFT_VERSION = 5.0;
				TARGETED_DEVICE_FAMILY = "1,2";
			};
			name = Debug;
		};
		CEE1E1072643246A00A48CBA /* Release */ = {
			isa = XCBuildConfiguration;
			baseConfigurationReference = 05936CD519CB314AA65841BB /* Pods-Chat.release.xcconfig */;
			buildSettings = {
				ASSETCATALOG_COMPILER_APPICON_NAME = AppIcon;
				ASSETCATALOG_COMPILER_GLOBAL_ACCENT_COLOR_NAME = AccentColor;
				CODE_SIGN_STYLE = Automatic;
				INFOPLIST_FILE = Chat/Info.plist;
				LD_RUNPATH_SEARCH_PATHS = (
					"$(inherited)",
					"@executable_path/Frameworks",
				);
				PRODUCT_BUNDLE_IDENTIFIER = com.appsite.Chat;
				PRODUCT_NAME = "$(TARGET_NAME)";
				SWIFT_VERSION = 5.0;
				TARGETED_DEVICE_FAMILY = "1,2";
			};
			name = Release;
		};
/* End XCBuildConfiguration section */

/* Begin XCConfigurationList section */
		CEE1E0EC2643246700A48CBA /* Build configuration list for PBXProject "Chat" */ = {
			isa = XCConfigurationList;
			buildConfigurations = (
				CEE1E1032643246A00A48CBA /* Debug */,
				CEE1E1042643246A00A48CBA /* Release */,
			);
			defaultConfigurationIsVisible = 0;
			defaultConfigurationName = Release;
		};
		CEE1E1052643246A00A48CBA /* Build configuration list for PBXNativeTarget "Chat" */ = {
			isa = XCConfigurationList;
			buildConfigurations = (
				CEE1E1062643246A00A48CBA /* Debug */,
				CEE1E1072643246A00A48CBA /* Release */,
			);
			defaultConfigurationIsVisible = 0;
			defaultConfigurationName = Release;
		};
/* End XCConfigurationList section */
	};
	rootObject = CEE1E0E92643246700A48CBA /* Project object */;
}
